
Microsoft Visual Studio Solution File, Format Version 12.00
# Visual Studio Version 16
VisualStudioVersion = 16.0.31205.134
MinimumVisualStudioVersion = 10.0.40219.1
Project("{9A19103F-16F7-4668-BE54-9A1E7A4F7556}") = "LearningCSharp", "LearningCSharp\LearningCSharp.csproj", "{E2A7A368-2C29-4597-A840-BD876E31DEA2}"
EndProject
Project("{FAE04EC0-301F-11D3-BF4B-00C04F79EFBC}") = "Kudvenkat", "Kudvenkat\Kudvenkat.csproj", "{2F49A58C-68D0-4084-A361-B2EF8977B2E0}"
EndProject
Global
	GlobalSection(SolutionConfigurationPlatforms) = preSolution
		Debug|Any CPU = Debug|Any CPU
		Release|Any CPU = Release|Any CPU
	EndGlobalSection
	GlobalSection(ProjectConfigurationPlatforms) = postSolution
		{E2A7A368-2C29-4597-A840-BD876E31DEA2}.Debug|Any CPU.ActiveCfg = Debug|Any CPU
		{E2A7A368-2C29-4597-A840-BD876E31DEA2}.Debug|Any CPU.Build.0 = Debug|Any CPU
		{E2A7A368-2C29-4597-A840-BD876E31DEA2}.Release|Any CPU.ActiveCfg = Release|Any CPU
		{E2A7A368-2C29-4597-A840-BD876E31DEA2}.Release|Any CPU.Build.0 = Release|Any CPU
		{2F49A58C-68D0-4084-A361-B2EF8977B2E0}.Debug|Any CPU.ActiveCfg = Debug|Any CPU
		{2F49A58C-68D0-4084-A361-B2EF8977B2E0}.Debug|Any CPU.Build.0 = Debug|Any CPU
		{2F49A58C-68D0-4084-A361-B2EF8977B2E0}.Release|Any CPU.ActiveCfg = Release|Any CPU
		{2F49A58C-68D0-4084-A361-B2EF8977B2E0}.Release|Any CPU.Build.0 = Release|Any CPU
	EndGlobalSection
	GlobalSection(SolutionProperties) = preSolution
		HideSolutionNode = FALSE
	EndGlobalSection
	GlobalSection(ExtensibilityGlobals) = postSolution
		SolutionGuid = {0F026F0A-6367-408F-87F8-89329AA9B957}
	EndGlobalSection
EndGlobal
